
Microsoft Visual Studio Solution File, Format Version 12.00
# Visual Studio Version 16
VisualStudioVersion = 16.0.29123.88
MinimumVisualStudioVersion = 10.0.40219.1
Project("{FAE04EC0-301F-11D3-BF4B-00C04F79EFBC}") = "C샵 4일차 (2)", "C샵 4일차 (2)\C샵 4일차 (2).csproj", "{63D45C2E-7585-4D1D-BC09-CBE3B1D2C3BB}"
EndProject
Global
	GlobalSection(SolutionConfigurationPlatforms) = preSolution
		Debug|Any CPU = Debug|Any CPU
		Release|Any CPU = Release|Any CPU
	EndGlobalSection
	GlobalSection(ProjectConfigurationPlatforms) = postSolution
		{63D45C2E-7585-4D1D-BC09-CBE3B1D2C3BB}.Debug|Any CPU.ActiveCfg = Debug|Any CPU
		{63D45C2E-7585-4D1D-BC09-CBE3B1D2C3BB}.Debug|Any CPU.Build.0 = Debug|Any CPU
		{63D45C2E-7585-4D1D-BC09-CBE3B1D2C3BB}.Release|Any CPU.ActiveCfg = Release|Any CPU
		{63D45C2E-7585-4D1D-BC09-CBE3B1D2C3BB}.Release|Any CPU.Build.0 = Release|Any CPU
	EndGlobalSection
	GlobalSection(SolutionProperties) = preSolution
		HideSolutionNode = FALSE
	EndGlobalSection
	GlobalSection(ExtensibilityGlobals) = postSolution
		SolutionGuid = {D64B9AF6-AE90-4055-9EA7-009D57EE6800}
	EndGlobalSection
EndGlobal
