
Microsoft Visual Studio Solution File, Format Version 12.00
# Visual Studio Version 16
VisualStudioVersion = 16.0.29123.88
MinimumVisualStudioVersion = 10.0.40219.1
Project("{FAE04EC0-301F-11D3-BF4B-00C04F79EFBC}") = "C샵 3일차 (2)", "C샵 3일차 (2)\C샵 3일차 (2).csproj", "{48A736DA-91F5-4353-A1CA-A2FDAFAF666A}"
EndProject
Global
	GlobalSection(SolutionConfigurationPlatforms) = preSolution
		Debug|Any CPU = Debug|Any CPU
		Release|Any CPU = Release|Any CPU
	EndGlobalSection
	GlobalSection(ProjectConfigurationPlatforms) = postSolution
		{48A736DA-91F5-4353-A1CA-A2FDAFAF666A}.Debug|Any CPU.ActiveCfg = Debug|Any CPU
		{48A736DA-91F5-4353-A1CA-A2FDAFAF666A}.Debug|Any CPU.Build.0 = Debug|Any CPU
		{48A736DA-91F5-4353-A1CA-A2FDAFAF666A}.Release|Any CPU.ActiveCfg = Release|Any CPU
		{48A736DA-91F5-4353-A1CA-A2FDAFAF666A}.Release|Any CPU.Build.0 = Release|Any CPU
	EndGlobalSection
	GlobalSection(SolutionProperties) = preSolution
		HideSolutionNode = FALSE
	EndGlobalSection
	GlobalSection(ExtensibilityGlobals) = postSolution
		SolutionGuid = {4FD3EB4A-5FF8-432E-B8F5-B9DB4854451C}
	EndGlobalSection
EndGlobal
