
Microsoft Visual Studio Solution File, Format Version 12.00
# Visual Studio Version 16
VisualStudioVersion = 16.0.30011.22
MinimumVisualStudioVersion = 10.0.40219.1
Project("{FAE04EC0-301F-11D3-BF4B-00C04F79EFBC}") = "C샵 일반화 컬렉션", "C샵 일반화 컬렉션\C샵 일반화 컬렉션.csproj", "{2DB71FF9-4A5D-4980-9961-5F8FB2A6503F}"
EndProject
Global
	GlobalSection(SolutionConfigurationPlatforms) = preSolution
		Debug|Any CPU = Debug|Any CPU
		Release|Any CPU = Release|Any CPU
	EndGlobalSection
	GlobalSection(ProjectConfigurationPlatforms) = postSolution
		{2DB71FF9-4A5D-4980-9961-5F8FB2A6503F}.Debug|Any CPU.ActiveCfg = Debug|Any CPU
		{2DB71FF9-4A5D-4980-9961-5F8FB2A6503F}.Debug|Any CPU.Build.0 = Debug|Any CPU
		{2DB71FF9-4A5D-4980-9961-5F8FB2A6503F}.Release|Any CPU.ActiveCfg = Release|Any CPU
		{2DB71FF9-4A5D-4980-9961-5F8FB2A6503F}.Release|Any CPU.Build.0 = Release|Any CPU
	EndGlobalSection
	GlobalSection(SolutionProperties) = preSolution
		HideSolutionNode = FALSE
	EndGlobalSection
	GlobalSection(ExtensibilityGlobals) = postSolution
		SolutionGuid = {ABFF753E-CC7A-4511-9050-E4622DB1078E}
	EndGlobalSection
EndGlobal
