
Microsoft Visual Studio Solution File, Format Version 12.00
# Visual Studio Version 16
VisualStudioVersion = 16.0.30011.22
MinimumVisualStudioVersion = 10.0.40219.1
Project("{FAE04EC0-301F-11D3-BF4B-00C04F79EFBC}") = "C샵 해시테이블", "C샵 해시테이블\C샵 해시테이블.csproj", "{7465F2DB-AFF1-45E1-AE64-88741CF83E4B}"
EndProject
Global
	GlobalSection(SolutionConfigurationPlatforms) = preSolution
		Debug|Any CPU = Debug|Any CPU
		Release|Any CPU = Release|Any CPU
	EndGlobalSection
	GlobalSection(ProjectConfigurationPlatforms) = postSolution
		{7465F2DB-AFF1-45E1-AE64-88741CF83E4B}.Debug|Any CPU.ActiveCfg = Debug|Any CPU
		{7465F2DB-AFF1-45E1-AE64-88741CF83E4B}.Debug|Any CPU.Build.0 = Debug|Any CPU
		{7465F2DB-AFF1-45E1-AE64-88741CF83E4B}.Release|Any CPU.ActiveCfg = Release|Any CPU
		{7465F2DB-AFF1-45E1-AE64-88741CF83E4B}.Release|Any CPU.Build.0 = Release|Any CPU
	EndGlobalSection
	GlobalSection(SolutionProperties) = preSolution
		HideSolutionNode = FALSE
	EndGlobalSection
	GlobalSection(ExtensibilityGlobals) = postSolution
		SolutionGuid = {E79FFA9D-684A-4066-AEC4-E9CFE3595AE8}
	EndGlobalSection
EndGlobal
