
Microsoft Visual Studio Solution File, Format Version 12.00
# Visual Studio Version 16
VisualStudioVersion = 16.0.29123.88
MinimumVisualStudioVersion = 10.0.40219.1
Project("{FAE04EC0-301F-11D3-BF4B-00C04F79EFBC}") = "FromAndControl", "FromAndControl\FromAndControl.csproj", "{D6B1E202-FF31-4545-8A71-0F586A06A7A8}"
EndProject
Global
	GlobalSection(SolutionConfigurationPlatforms) = preSolution
		Debug|Any CPU = Debug|Any CPU
		Release|Any CPU = Release|Any CPU
	EndGlobalSection
	GlobalSection(ProjectConfigurationPlatforms) = postSolution
		{D6B1E202-FF31-4545-8A71-0F586A06A7A8}.Debug|Any CPU.ActiveCfg = Debug|Any CPU
		{D6B1E202-FF31-4545-8A71-0F586A06A7A8}.Debug|Any CPU.Build.0 = Debug|Any CPU
		{D6B1E202-FF31-4545-8A71-0F586A06A7A8}.Release|Any CPU.ActiveCfg = Release|Any CPU
		{D6B1E202-FF31-4545-8A71-0F586A06A7A8}.Release|Any CPU.Build.0 = Release|Any CPU
	EndGlobalSection
	GlobalSection(SolutionProperties) = preSolution
		HideSolutionNode = FALSE
	EndGlobalSection
	GlobalSection(ExtensibilityGlobals) = postSolution
		SolutionGuid = {3DDCDDF6-6486-46C2-946E-9E3E43AE12BA}
	EndGlobalSection
EndGlobal
