
Microsoft Visual Studio Solution File, Format Version 12.00
# Visual Studio Version 16
VisualStudioVersion = 16.0.30011.22
MinimumVisualStudioVersion = 10.0.40219.1
Project("{FAE04EC0-301F-11D3-BF4B-00C04F79EFBC}") = "C샵 심플링크", "C샵 심플링크\C샵 심플링크.csproj", "{5884E359-D231-43CC-B7A5-5635CC55E06E}"
EndProject
Global
	GlobalSection(SolutionConfigurationPlatforms) = preSolution
		Debug|Any CPU = Debug|Any CPU
		Release|Any CPU = Release|Any CPU
	EndGlobalSection
	GlobalSection(ProjectConfigurationPlatforms) = postSolution
		{5884E359-D231-43CC-B7A5-5635CC55E06E}.Debug|Any CPU.ActiveCfg = Debug|Any CPU
		{5884E359-D231-43CC-B7A5-5635CC55E06E}.Debug|Any CPU.Build.0 = Debug|Any CPU
		{5884E359-D231-43CC-B7A5-5635CC55E06E}.Release|Any CPU.ActiveCfg = Release|Any CPU
		{5884E359-D231-43CC-B7A5-5635CC55E06E}.Release|Any CPU.Build.0 = Release|Any CPU
	EndGlobalSection
	GlobalSection(SolutionProperties) = preSolution
		HideSolutionNode = FALSE
	EndGlobalSection
	GlobalSection(ExtensibilityGlobals) = postSolution
		SolutionGuid = {A1FFF567-7AC5-4EF1-B368-048AE2660024}
	EndGlobalSection
EndGlobal
