
Microsoft Visual Studio Solution File, Format Version 12.00
# Visual Studio Version 16
VisualStudioVersion = 16.0.30011.22
MinimumVisualStudioVersion = 10.0.40219.1
Project("{FAE04EC0-301F-11D3-BF4B-00C04F79EFBC}") = "C샵 디렉토리,파일 생성", "C샵 디렉토리,파일 생성\C샵 디렉토리,파일 생성.csproj", "{F2C345DC-B566-466E-8984-539989C09286}"
EndProject
Global
	GlobalSection(SolutionConfigurationPlatforms) = preSolution
		Debug|Any CPU = Debug|Any CPU
		Release|Any CPU = Release|Any CPU
	EndGlobalSection
	GlobalSection(ProjectConfigurationPlatforms) = postSolution
		{F2C345DC-B566-466E-8984-539989C09286}.Debug|Any CPU.ActiveCfg = Debug|Any CPU
		{F2C345DC-B566-466E-8984-539989C09286}.Debug|Any CPU.Build.0 = Debug|Any CPU
		{F2C345DC-B566-466E-8984-539989C09286}.Release|Any CPU.ActiveCfg = Release|Any CPU
		{F2C345DC-B566-466E-8984-539989C09286}.Release|Any CPU.Build.0 = Release|Any CPU
	EndGlobalSection
	GlobalSection(SolutionProperties) = preSolution
		HideSolutionNode = FALSE
	EndGlobalSection
	GlobalSection(ExtensibilityGlobals) = postSolution
		SolutionGuid = {CD1B17C6-4BD7-407E-94DE-12AF5DE0ADC5}
	EndGlobalSection
EndGlobal
