
Microsoft Visual Studio Solution File, Format Version 12.00
# Visual Studio Version 16
VisualStudioVersion = 16.0.30011.22
MinimumVisualStudioVersion = 10.0.40219.1
Project("{FAE04EC0-301F-11D3-BF4B-00C04F79EFBC}") = "C샵 무명형식", "C샵 무명형식\C샵 무명형식.csproj", "{FE17CA82-9343-4623-A09B-DDE84346F207}"
EndProject
Global
	GlobalSection(SolutionConfigurationPlatforms) = preSolution
		Debug|Any CPU = Debug|Any CPU
		Release|Any CPU = Release|Any CPU
	EndGlobalSection
	GlobalSection(ProjectConfigurationPlatforms) = postSolution
		{FE17CA82-9343-4623-A09B-DDE84346F207}.Debug|Any CPU.ActiveCfg = Debug|Any CPU
		{FE17CA82-9343-4623-A09B-DDE84346F207}.Debug|Any CPU.Build.0 = Debug|Any CPU
		{FE17CA82-9343-4623-A09B-DDE84346F207}.Release|Any CPU.ActiveCfg = Release|Any CPU
		{FE17CA82-9343-4623-A09B-DDE84346F207}.Release|Any CPU.Build.0 = Release|Any CPU
	EndGlobalSection
	GlobalSection(SolutionProperties) = preSolution
		HideSolutionNode = FALSE
	EndGlobalSection
	GlobalSection(ExtensibilityGlobals) = postSolution
		SolutionGuid = {90FCB929-94D7-491A-864F-22FC2208128C}
	EndGlobalSection
EndGlobal
