
Microsoft Visual Studio Solution File, Format Version 12.00
# Visual Studio Version 16
VisualStudioVersion = 16.0.30011.22
MinimumVisualStudioVersion = 10.0.40219.1
Project("{FAE04EC0-301F-11D3-BF4B-00C04F79EFBC}") = "C샵 대리자", "C샵 대리자\C샵 대리자.csproj", "{13B99596-C1E2-4806-94BC-0F987CD4A136}"
EndProject
Global
	GlobalSection(SolutionConfigurationPlatforms) = preSolution
		Debug|Any CPU = Debug|Any CPU
		Release|Any CPU = Release|Any CPU
	EndGlobalSection
	GlobalSection(ProjectConfigurationPlatforms) = postSolution
		{13B99596-C1E2-4806-94BC-0F987CD4A136}.Debug|Any CPU.ActiveCfg = Debug|Any CPU
		{13B99596-C1E2-4806-94BC-0F987CD4A136}.Debug|Any CPU.Build.0 = Debug|Any CPU
		{13B99596-C1E2-4806-94BC-0F987CD4A136}.Release|Any CPU.ActiveCfg = Release|Any CPU
		{13B99596-C1E2-4806-94BC-0F987CD4A136}.Release|Any CPU.Build.0 = Release|Any CPU
	EndGlobalSection
	GlobalSection(SolutionProperties) = preSolution
		HideSolutionNode = FALSE
	EndGlobalSection
	GlobalSection(ExtensibilityGlobals) = postSolution
		SolutionGuid = {5D8F885E-7813-4AEC-8A92-2AA018B11322}
	EndGlobalSection
EndGlobal
