
Microsoft Visual Studio Solution File, Format Version 12.00
# Visual Studio Version 16
VisualStudioVersion = 16.0.30011.22
MinimumVisualStudioVersion = 10.0.40219.1
Project("{FAE04EC0-301F-11D3-BF4B-00C04F79EFBC}") = "C샵 가변배열", "C샵 가변배열\C샵 가변배열.csproj", "{69364626-4417-4685-B66C-5BB202FC4791}"
EndProject
Global
	GlobalSection(SolutionConfigurationPlatforms) = preSolution
		Debug|Any CPU = Debug|Any CPU
		Release|Any CPU = Release|Any CPU
	EndGlobalSection
	GlobalSection(ProjectConfigurationPlatforms) = postSolution
		{69364626-4417-4685-B66C-5BB202FC4791}.Debug|Any CPU.ActiveCfg = Debug|Any CPU
		{69364626-4417-4685-B66C-5BB202FC4791}.Debug|Any CPU.Build.0 = Debug|Any CPU
		{69364626-4417-4685-B66C-5BB202FC4791}.Release|Any CPU.ActiveCfg = Release|Any CPU
		{69364626-4417-4685-B66C-5BB202FC4791}.Release|Any CPU.Build.0 = Release|Any CPU
	EndGlobalSection
	GlobalSection(SolutionProperties) = preSolution
		HideSolutionNode = FALSE
	EndGlobalSection
	GlobalSection(ExtensibilityGlobals) = postSolution
		SolutionGuid = {AA7F6447-A20B-4C16-ADE0-662160F58944}
	EndGlobalSection
EndGlobal
