
Microsoft Visual Studio Solution File, Format Version 12.00
# Visual Studio Version 16
VisualStudioVersion = 16.0.30011.22
MinimumVisualStudioVersion = 10.0.40219.1
Project("{FAE04EC0-301F-11D3-BF4B-00C04F79EFBC}") = "C샵 프로퍼티", "C샵 프로퍼티\C샵 프로퍼티.csproj", "{ACFE83DA-583E-4956-829B-6371BB681941}"
EndProject
Global
	GlobalSection(SolutionConfigurationPlatforms) = preSolution
		Debug|Any CPU = Debug|Any CPU
		Release|Any CPU = Release|Any CPU
	EndGlobalSection
	GlobalSection(ProjectConfigurationPlatforms) = postSolution
		{ACFE83DA-583E-4956-829B-6371BB681941}.Debug|Any CPU.ActiveCfg = Debug|Any CPU
		{ACFE83DA-583E-4956-829B-6371BB681941}.Debug|Any CPU.Build.0 = Debug|Any CPU
		{ACFE83DA-583E-4956-829B-6371BB681941}.Release|Any CPU.ActiveCfg = Release|Any CPU
		{ACFE83DA-583E-4956-829B-6371BB681941}.Release|Any CPU.Build.0 = Release|Any CPU
	EndGlobalSection
	GlobalSection(SolutionProperties) = preSolution
		HideSolutionNode = FALSE
	EndGlobalSection
	GlobalSection(ExtensibilityGlobals) = postSolution
		SolutionGuid = {98C4ACC8-381F-47C2-A4F7-E4E16AC64DAE}
	EndGlobalSection
EndGlobal
