
Microsoft Visual Studio Solution File, Format Version 12.00
# Visual Studio Version 16
VisualStudioVersion = 16.0.29123.88
MinimumVisualStudioVersion = 10.0.40219.1
Project("{FAE04EC0-301F-11D3-BF4B-00C04F79EFBC}") = "UsingControl", "UsingControl\UsingControl.csproj", "{2EC53B69-91DB-4265-8C82-45BDE7D8DAA6}"
EndProject
Global
	GlobalSection(SolutionConfigurationPlatforms) = preSolution
		Debug|Any CPU = Debug|Any CPU
		Release|Any CPU = Release|Any CPU
	EndGlobalSection
	GlobalSection(ProjectConfigurationPlatforms) = postSolution
		{2EC53B69-91DB-4265-8C82-45BDE7D8DAA6}.Debug|Any CPU.ActiveCfg = Debug|Any CPU
		{2EC53B69-91DB-4265-8C82-45BDE7D8DAA6}.Debug|Any CPU.Build.0 = Debug|Any CPU
		{2EC53B69-91DB-4265-8C82-45BDE7D8DAA6}.Release|Any CPU.ActiveCfg = Release|Any CPU
		{2EC53B69-91DB-4265-8C82-45BDE7D8DAA6}.Release|Any CPU.Build.0 = Release|Any CPU
	EndGlobalSection
	GlobalSection(SolutionProperties) = preSolution
		HideSolutionNode = FALSE
	EndGlobalSection
	GlobalSection(ExtensibilityGlobals) = postSolution
		SolutionGuid = {38559726-86F4-465D-8D3D-DA2EF9EEE08E}
	EndGlobalSection
EndGlobal
